
Microsoft Visual Studio Solution File, Format Version 12.00
# Visual Studio Version 17
VisualStudioVersion = 17.11.35303.130
MinimumVisualStudioVersion = 10.0.40219.1
Project("{FAE04EC0-301F-11D3-BF4B-00C04F79EFBC}") = "Randomus", "Random\Randomus.csproj", "{54AD9863-3B71-4157-8E94-E56CDBF8BBCE}"
EndProject
Global
	GlobalSection(SolutionConfigurationPlatforms) = preSolution
		Debug|Any CPU = Debug|Any CPU
		Release|Any CPU = Release|Any CPU
	EndGlobalSection
	GlobalSection(ProjectConfigurationPlatforms) = postSolution
		{54AD9863-3B71-4157-8E94-E56CDBF8BBCE}.Debug|Any CPU.ActiveCfg = Debug|Any CPU
		{54AD9863-3B71-4157-8E94-E56CDBF8BBCE}.Debug|Any CPU.Build.0 = Debug|Any CPU
		{54AD9863-3B71-4157-8E94-E56CDBF8BBCE}.Release|Any CPU.ActiveCfg = Release|Any CPU
		{54AD9863-3B71-4157-8E94-E56CDBF8BBCE}.Release|Any CPU.Build.0 = Release|Any CPU
	EndGlobalSection
	GlobalSection(SolutionProperties) = preSolution
		HideSolutionNode = FALSE
	EndGlobalSection
	GlobalSection(ExtensibilityGlobals) = postSolution
		SolutionGuid = {9D70FBC7-2A68-4D48-A908-042BA2E7F6C7}
	EndGlobalSection
EndGlobal
